
Microsoft Visual Studio Solution File, Format Version 12.00
# Visual Studio 15
VisualStudioVersion = 15.0.28307.489
MinimumVisualStudioVersion = 10.0.40219.1
Project("{FAE04EC0-301F-11D3-BF4B-00C04F79EFBC}") = "BlocoNota", "BlocoNota\BlocoNota.csproj", "{C73C554C-5BE7-4F0B-89A5-5A1DA13A477F}"
EndProject
Global
	GlobalSection(SolutionConfigurationPlatforms) = preSolution
		Debug|Any CPU = Debug|Any CPU
		Release|Any CPU = Release|Any CPU
	EndGlobalSection
	GlobalSection(ProjectConfigurationPlatforms) = postSolution
		{C73C554C-5BE7-4F0B-89A5-5A1DA13A477F}.Debug|Any CPU.ActiveCfg = Debug|Any CPU
		{C73C554C-5BE7-4F0B-89A5-5A1DA13A477F}.Debug|Any CPU.Build.0 = Debug|Any CPU
		{C73C554C-5BE7-4F0B-89A5-5A1DA13A477F}.Release|Any CPU.ActiveCfg = Release|Any CPU
		{C73C554C-5BE7-4F0B-89A5-5A1DA13A477F}.Release|Any CPU.Build.0 = Release|Any CPU
	EndGlobalSection
	GlobalSection(SolutionProperties) = preSolution
		HideSolutionNode = FALSE
	EndGlobalSection
	GlobalSection(ExtensibilityGlobals) = postSolution
		SolutionGuid = {6DC1E9A1-B186-4109-97FF-8153A86B7836}
	EndGlobalSection
EndGlobal
